// !$*UTF8*$!
{
	archiveVersion = 1;
	classes = {
	};
	objectVersion = 46;
	objects = {

/* Begin PBXBuildFile section */
		6094CDDF47A7721A9822CB73 /* libPods-MenuViewController.a in Frameworks */ = {isa = PBXBuildFile; fileRef = B0D5A05610496B1858CDE86A /* libPods-MenuViewController.a */; };
		D21F46EC1D5467500018A775 /* MenuTitleItem.m in Sources */ = {isa = PBXBuildFile; fileRef = D21F46EB1D5467500018A775 /* MenuTitleItem.m */; };
		D2C5521D1D5AB726000A2326 /* WindowManager.m in Sources */ = {isa = PBXBuildFile; fileRef = D2C5521C1D5AB726000A2326 /* WindowManager.m */; };
		D2C552201D5AD610000A2326 /* WindowImageViewController.m in Sources */ = {isa = PBXBuildFile; fileRef = D2C5521F1D5AD610000A2326 /* WindowImageViewController.m */; };
		D2C552231D5AD6BD000A2326 /* WindowImageScrollView.m in Sources */ = {isa = PBXBuildFile; fileRef = D2C552221D5AD6BD000A2326 /* WindowImageScrollView.m */; };
		D2D89E2F1D596578003657B8 /* ImageData.m in Sources */ = {isa = PBXBuildFile; fileRef = D2D89E2E1D596578003657B8 /* ImageData.m */; };
		D2D89E321D59D40C003657B8 /* FileManager.m in Sources */ = {isa = PBXBuildFile; fileRef = D2D89E311D59D40C003657B8 /* FileManager.m */; };
		D2DA6E2D1D585C5E00E26B52 /* MeiZiCollectionViewController.m in Sources */ = {isa = PBXBuildFile; fileRef = D2DA6E2C1D585C5E00E26B52 /* MeiZiCollectionViewController.m */; };
		D2DA6E301D585C9400E26B52 /* ImageCollectionViewCell.m in Sources */ = {isa = PBXBuildFile; fileRef = D2DA6E2F1D585C9400E26B52 /* ImageCollectionViewCell.m */; };
		D2DA6E341D58612600E26B52 /* ConnectionManager.m in Sources */ = {isa = PBXBuildFile; fileRef = D2DA6E331D58612600E26B52 /* ConnectionManager.m */; };
		D2EC36CD1D542F3200533A2F /* main.m in Sources */ = {isa = PBXBuildFile; fileRef = D2EC36CC1D542F3200533A2F /* main.m */; };
		D2EC36D01D542F3200533A2F /* AppDelegate.m in Sources */ = {isa = PBXBuildFile; fileRef = D2EC36CF1D542F3200533A2F /* AppDelegate.m */; };
		D2EC36D31D542F3200533A2F /* ViewController.m in Sources */ = {isa = PBXBuildFile; fileRef = D2EC36D21D542F3200533A2F /* ViewController.m */; };
		D2EC36D61D542F3200533A2F /* Main.storyboard in Resources */ = {isa = PBXBuildFile; fileRef = D2EC36D41D542F3200533A2F /* Main.storyboard */; };
		D2EC36D81D542F3200533A2F /* Assets.xcassets in Resources */ = {isa = PBXBuildFile; fileRef = D2EC36D71D542F3200533A2F /* Assets.xcassets */; };
		D2EC36DB1D542F3200533A2F /* LaunchScreen.storyboard in Resources */ = {isa = PBXBuildFile; fileRef = D2EC36D91D542F3200533A2F /* LaunchScreen.storyboard */; };
		D2EC36E61D542F3200533A2F /* MenuViewControllerTests.m in Sources */ = {isa = PBXBuildFile; fileRef = D2EC36E51D542F3200533A2F /* MenuViewControllerTests.m */; };
		D2EC36F11D542F3200533A2F /* MenuViewControllerUITests.m in Sources */ = {isa = PBXBuildFile; fileRef = D2EC36F01D542F3200533A2F /* MenuViewControllerUITests.m */; };
		D2EC37011D5438A500533A2F /* MenuVC.m in Sources */ = {isa = PBXBuildFile; fileRef = D2EC37001D5438A500533A2F /* MenuVC.m */; };
/* End PBXBuildFile section */

/* Begin PBXContainerItemProxy section */
		D2EC36E21D542F3200533A2F /* PBXContainerItemProxy */ = {
			isa = PBXContainerItemProxy;
			containerPortal = D2EC36C01D542F3200533A2F /* Project object */;
			proxyType = 1;
			remoteGlobalIDString = D2EC36C71D542F3200533A2F;
			remoteInfo = MenuViewController;
		};
		D2EC36ED1D542F3200533A2F /* PBXContainerItemProxy */ = {
			isa = PBXContainerItemProxy;
			containerPortal = D2EC36C01D542F3200533A2F /* Project object */;
			proxyType = 1;
			remoteGlobalIDString = D2EC36C71D542F3200533A2F;
			remoteInfo = MenuViewController;
		};
/* End PBXContainerItemProxy section */

/* Begin PBXFileReference section */
		665A7C8C3CBCB5C87CA071E1 /* Pods-MenuViewController.debug.xcconfig */ = {isa = PBXFileReference; includeInIndex = 1; lastKnownFileType = text.xcconfig; name = "Pods-MenuViewController.debug.xcconfig"; path = "Pods/Target Support Files/Pods-MenuViewController/Pods-MenuViewController.debug.xcconfig"; sourceTree = "<group>"; };
		99D8DEF1E175F12C40932BD4 /* Pods-MenuViewController.release.xcconfig */ = {isa = PBXFileReference; includeInIndex = 1; lastKnownFileType = text.xcconfig; name = "Pods-MenuViewController.release.xcconfig"; path = "Pods/Target Support Files/Pods-MenuViewController/Pods-MenuViewController.release.xcconfig"; sourceTree = "<group>"; };
		B0D5A05610496B1858CDE86A /* libPods-MenuViewController.a */ = {isa = PBXFileReference; explicitFileType = archive.ar; includeInIndex = 0; path = "libPods-MenuViewController.a"; sourceTree = BUILT_PRODUCTS_DIR; };
		D21F46EA1D5467500018A775 /* MenuTitleItem.h */ = {isa = PBXFileReference; fileEncoding = 4; lastKnownFileType = sourcecode.c.h; path = MenuTitleItem.h; sourceTree = "<group>"; };
		D21F46EB1D5467500018A775 /* MenuTitleItem.m */ = {isa = PBXFileReference; fileEncoding = 4; lastKnownFileType = sourcecode.c.objc; path = MenuTitleItem.m; sourceTree = "<group>"; };
		D2C5521B1D5AB726000A2326 /* WindowManager.h */ = {isa = PBXFileReference; fileEncoding = 4; lastKnownFileType = sourcecode.c.h; path = WindowManager.h; sourceTree = "<group>"; };
		D2C5521C1D5AB726000A2326 /* WindowManager.m */ = {isa = PBXFileReference; fileEncoding = 4; lastKnownFileType = sourcecode.c.objc; path = WindowManager.m; sourceTree = "<group>"; };
		D2C5521E1D5AD610000A2326 /* WindowImageViewController.h */ = {isa = PBXFileReference; fileEncoding = 4; lastKnownFileType = sourcecode.c.h; path = WindowImageViewController.h; sourceTree = "<group>"; };
		D2C5521F1D5AD610000A2326 /* WindowImageViewController.m */ = {isa = PBXFileReference; fileEncoding = 4; lastKnownFileType = sourcecode.c.objc; path = WindowImageViewController.m; sourceTree = "<group>"; };
		D2C552211D5AD6BD000A2326 /* WindowImageScrollView.h */ = {isa = PBXFileReference; fileEncoding = 4; lastKnownFileType = sourcecode.c.h; path = WindowImageScrollView.h; sourceTree = "<group>"; };
		D2C552221D5AD6BD000A2326 /* WindowImageScrollView.m */ = {isa = PBXFileReference; fileEncoding = 4; lastKnownFileType = sourcecode.c.objc; path = WindowImageScrollView.m; sourceTree = "<group>"; };
		D2D89E2D1D596578003657B8 /* ImageData.h */ = {isa = PBXFileReference; fileEncoding = 4; lastKnownFileType = sourcecode.c.h; path = ImageData.h; sourceTree = "<group>"; };
		D2D89E2E1D596578003657B8 /* ImageData.m */ = {isa = PBXFileReference; fileEncoding = 4; lastKnownFileType = sourcecode.c.objc; path = ImageData.m; sourceTree = "<group>"; };
		D2D89E301D59D40C003657B8 /* FileManager.h */ = {isa = PBXFileReference; fileEncoding = 4; lastKnownFileType = sourcecode.c.h; path = FileManager.h; sourceTree = "<group>"; };
		D2D89E311D59D40C003657B8 /* FileManager.m */ = {isa = PBXFileReference; fileEncoding = 4; lastKnownFileType = sourcecode.c.objc; path = FileManager.m; sourceTree = "<group>"; };
		D2DA6E2B1D585C5E00E26B52 /* MeiZiCollectionViewController.h */ = {isa = PBXFileReference; fileEncoding = 4; lastKnownFileType = sourcecode.c.h; path = MeiZiCollectionViewController.h; sourceTree = "<group>"; };
		D2DA6E2C1D585C5E00E26B52 /* MeiZiCollectionViewController.m */ = {isa = PBXFileReference; fileEncoding = 4; lastKnownFileType = sourcecode.c.objc; path = MeiZiCollectionViewController.m; sourceTree = "<group>"; };
		D2DA6E2E1D585C9400E26B52 /* ImageCollectionViewCell.h */ = {isa = PBXFileReference; fileEncoding = 4; lastKnownFileType = sourcecode.c.h; path = ImageCollectionViewCell.h; sourceTree = "<group>"; };
		D2DA6E2F1D585C9400E26B52 /* ImageCollectionViewCell.m */ = {isa = PBXFileReference; fileEncoding = 4; lastKnownFileType = sourcecode.c.objc; path = ImageCollectionViewCell.m; sourceTree = "<group>"; };
		D2DA6E321D58612600E26B52 /* ConnectionManager.h */ = {isa = PBXFileReference; fileEncoding = 4; lastKnownFileType = sourcecode.c.h; path = ConnectionManager.h; sourceTree = "<group>"; };
		D2DA6E331D58612600E26B52 /* ConnectionManager.m */ = {isa = PBXFileReference; fileEncoding = 4; lastKnownFileType = sourcecode.c.objc; path = ConnectionManager.m; sourceTree = "<group>"; };
		D2EC36C81D542F3200533A2F /* MenuViewController.app */ = {isa = PBXFileReference; explicitFileType = wrapper.application; includeInIndex = 0; path = MenuViewController.app; sourceTree = BUILT_PRODUCTS_DIR; };
		D2EC36CC1D542F3200533A2F /* main.m */ = {isa = PBXFileReference; lastKnownFileType = sourcecode.c.objc; path = main.m; sourceTree = "<group>"; };
		D2EC36CE1D542F3200533A2F /* AppDelegate.h */ = {isa = PBXFileReference; lastKnownFileType = sourcecode.c.h; path = AppDelegate.h; sourceTree = "<group>"; };
		D2EC36CF1D542F3200533A2F /* AppDelegate.m */ = {isa = PBXFileReference; lastKnownFileType = sourcecode.c.objc; path = AppDelegate.m; sourceTree = "<group>"; };
		D2EC36D11D542F3200533A2F /* ViewController.h */ = {isa = PBXFileReference; lastKnownFileType = sourcecode.c.h; path = ViewController.h; sourceTree = "<group>"; };
		D2EC36D21D542F3200533A2F /* ViewController.m */ = {isa = PBXFileReference; lastKnownFileType = sourcecode.c.objc; path = ViewController.m; sourceTree = "<group>"; };
		D2EC36D51D542F3200533A2F /* Base */ = {isa = PBXFileReference; lastKnownFileType = file.storyboard; name = Base; path = Base.lproj/Main.storyboard; sourceTree = "<group>"; };
		D2EC36D71D542F3200533A2F /* Assets.xcassets */ = {isa = PBXFileReference; lastKnownFileType = folder.assetcatalog; path = Assets.xcassets; sourceTree = "<group>"; };
		D2EC36DA1D542F3200533A2F /* Base */ = {isa = PBXFileReference; lastKnownFileType = file.storyboard; name = Base; path = Base.lproj/LaunchScreen.storyboard; sourceTree = "<group>"; };
		D2EC36DC1D542F3200533A2F /* Info.plist */ = {isa = PBXFileReference; lastKnownFileType = text.plist.xml; path = Info.plist; sourceTree = "<group>"; };
		D2EC36E11D542F3200533A2F /* MenuViewControllerTests.xctest */ = {isa = PBXFileReference; explicitFileType = wrapper.cfbundle; includeInIndex = 0; path = MenuViewControllerTests.xctest; sourceTree = BUILT_PRODUCTS_DIR; };
		D2EC36E51D542F3200533A2F /* MenuViewControllerTests.m */ = {isa = PBXFileReference; lastKnownFileType = sourcecode.c.objc; path = MenuViewControllerTests.m; sourceTree = "<group>"; };
		D2EC36E71D542F3200533A2F /* Info.plist */ = {isa = PBXFileReference; lastKnownFileType = text.plist.xml; path = Info.plist; sourceTree = "<group>"; };
		D2EC36EC1D542F3200533A2F /* MenuViewControllerUITests.xctest */ = {isa = PBXFileReference; explicitFileType = wrapper.cfbundle; includeInIndex = 0; path = MenuViewControllerUITests.xctest; sourceTree = BUILT_PRODUCTS_DIR; };
		D2EC36F01D542F3200533A2F /* MenuViewControllerUITests.m */ = {isa = PBXFileReference; lastKnownFileType = sourcecode.c.objc; path = MenuViewControllerUITests.m; sourceTree = "<group>"; };
		D2EC36F21D542F3200533A2F /* Info.plist */ = {isa = PBXFileReference; lastKnownFileType = text.plist.xml; path = Info.plist; sourceTree = "<group>"; };
		D2EC36FE1D54356E00533A2F /* PrefixHeader.pch */ = {isa = PBXFileReference; fileEncoding = 4; lastKnownFileType = sourcecode.c.h; path = PrefixHeader.pch; sourceTree = "<group>"; };
		D2EC36FF1D5438A500533A2F /* MenuVC.h */ = {isa = PBXFileReference; fileEncoding = 4; lastKnownFileType = sourcecode.c.h; path = MenuVC.h; sourceTree = "<group>"; };
		D2EC37001D5438A500533A2F /* MenuVC.m */ = {isa = PBXFileReference; fileEncoding = 4; lastKnownFileType = sourcecode.c.objc; path = MenuVC.m; sourceTree = "<group>"; };
/* End PBXFileReference section */

/* Begin PBXFrameworksBuildPhase section */
		D2EC36C51D542F3200533A2F /* Frameworks */ = {
			isa = PBXFrameworksBuildPhase;
			buildActionMask = 2147483647;
			files = (
				6094CDDF47A7721A9822CB73 /* libPods-MenuViewController.a in Frameworks */,
			);
			runOnlyForDeploymentPostprocessing = 0;
		};
		D2EC36DE1D542F3200533A2F /* Frameworks */ = {
			isa = PBXFrameworksBuildPhase;
			buildActionMask = 2147483647;
			files = (
			);
			runOnlyForDeploymentPostprocessing = 0;
		};
		D2EC36E91D542F3200533A2F /* Frameworks */ = {
			isa = PBXFrameworksBuildPhase;
			buildActionMask = 2147483647;
			files = (
			);
			runOnlyForDeploymentPostprocessing = 0;
		};
/* End PBXFrameworksBuildPhase section */

/* Begin PBXGroup section */
		40F652023DE4E34C58D6AA4B /* Frameworks */ = {
			isa = PBXGroup;
			children = (
				B0D5A05610496B1858CDE86A /* libPods-MenuViewController.a */,
			);
			name = Frameworks;
			sourceTree = "<group>";
		};
		D21F46ED1D5474CB0018A775 /* Menu */ = {
			isa = PBXGroup;
			children = (
				D2EC36FF1D5438A500533A2F /* MenuVC.h */,
				D2EC37001D5438A500533A2F /* MenuVC.m */,
				D21F46EA1D5467500018A775 /* MenuTitleItem.h */,
				D21F46EB1D5467500018A775 /* MenuTitleItem.m */,
			);
			name = Menu;
			sourceTree = "<group>";
		};
		D2C5521A1D5AB70C000A2326 /* Window */ = {
			isa = PBXGroup;
			children = (
				D2C5521B1D5AB726000A2326 /* WindowManager.h */,
				D2C5521C1D5AB726000A2326 /* WindowManager.m */,
				D2C5521E1D5AD610000A2326 /* WindowImageViewController.h */,
				D2C5521F1D5AD610000A2326 /* WindowImageViewController.m */,
				D2C552211D5AD6BD000A2326 /* WindowImageScrollView.h */,
				D2C552221D5AD6BD000A2326 /* WindowImageScrollView.m */,
			);
			name = Window;
			sourceTree = "<group>";
		};
		D2DA6E281D58373800E26B52 /* MeiZiViewController */ = {
			isa = PBXGroup;
			children = (
				D2DA6E2A1D58378100E26B52 /* View */,
				D2DA6E291D58375F00E26B52 /* Cell */,
				D2DA6E2B1D585C5E00E26B52 /* MeiZiCollectionViewController.h */,
				D2DA6E2C1D585C5E00E26B52 /* MeiZiCollectionViewController.m */,
			);
			name = MeiZiViewController;
			sourceTree = "<group>";
		};
		D2DA6E291D58375F00E26B52 /* Cell */ = {
			isa = PBXGroup;
			children = (
				D2DA6E2E1D585C9400E26B52 /* ImageCollectionViewCell.h */,
				D2DA6E2F1D585C9400E26B52 /* ImageCollectionViewCell.m */,
			);
			name = Cell;
			sourceTree = "<group>";
		};
		D2DA6E2A1D58378100E26B52 /* View */ = {
			isa = PBXGroup;
			children = (
			);
			name = View;
			sourceTree = "<group>";
		};
		D2DA6E311D585F9D00E26B52 /* ConnectionManager */ = {
			isa = PBXGroup;
			children = (
				D2DA6E321D58612600E26B52 /* ConnectionManager.h */,
				D2DA6E331D58612600E26B52 /* ConnectionManager.m */,
			);
			name = ConnectionManager;
			sourceTree = "<group>";
		};
		D2DA6E361D588A6C00E26B52 /* DataTool */ = {
			isa = PBXGroup;
			children = (
				D2D89E2D1D596578003657B8 /* ImageData.h */,
				D2D89E2E1D596578003657B8 /* ImageData.m */,
				D2D89E301D59D40C003657B8 /* FileManager.h */,
				D2D89E311D59D40C003657B8 /* FileManager.m */,
			);
			name = DataTool;
			sourceTree = "<group>";
		};
		D2EC36BF1D542F3200533A2F = {
			isa = PBXGroup;
			children = (
				D2EC36CA1D542F3200533A2F /* MenuViewController */,
				D2EC36E41D542F3200533A2F /* MenuViewControllerTests */,
				D2EC36EF1D542F3200533A2F /* MenuViewControllerUITests */,
				D2EC36C91D542F3200533A2F /* Products */,
				F01FC03F71C8910BB8C6973B /* Pods */,
				40F652023DE4E34C58D6AA4B /* Frameworks */,
			);
			sourceTree = "<group>";
		};
		D2EC36C91D542F3200533A2F /* Products */ = {
			isa = PBXGroup;
			children = (
				D2EC36C81D542F3200533A2F /* MenuViewController.app */,
				D2EC36E11D542F3200533A2F /* MenuViewControllerTests.xctest */,
				D2EC36EC1D542F3200533A2F /* MenuViewControllerUITests.xctest */,
			);
			name = Products;
			sourceTree = "<group>";
		};
		D2EC36CA1D542F3200533A2F /* MenuViewController */ = {
			isa = PBXGroup;
			children = (
				D2EC36CE1D542F3200533A2F /* AppDelegate.h */,
				D2EC36CF1D542F3200533A2F /* AppDelegate.m */,
				D2EC36D11D542F3200533A2F /* ViewController.h */,
				D2EC36D21D542F3200533A2F /* ViewController.m */,
				D2C5521A1D5AB70C000A2326 /* Window */,
				D2DA6E361D588A6C00E26B52 /* DataTool */,
				D2DA6E311D585F9D00E26B52 /* ConnectionManager */,
				D2DA6E281D58373800E26B52 /* MeiZiViewController */,
				D21F46ED1D5474CB0018A775 /* Menu */,
				D2EC36FE1D54356E00533A2F /* PrefixHeader.pch */,
				D2EC36D41D542F3200533A2F /* Main.storyboard */,
				D2EC36D71D542F3200533A2F /* Assets.xcassets */,
				D2EC36D91D542F3200533A2F /* LaunchScreen.storyboard */,
				D2EC36DC1D542F3200533A2F /* Info.plist */,
				D2EC36CB1D542F3200533A2F /* Supporting Files */,
			);
			path = MenuViewController;
			sourceTree = "<group>";
		};
		D2EC36CB1D542F3200533A2F /* Supporting Files */ = {
			isa = PBXGroup;
			children = (
				D2EC36CC1D542F3200533A2F /* main.m */,
			);
			name = "Supporting Files";
			sourceTree = "<group>";
		};
		D2EC36E41D542F3200533A2F /* MenuViewControllerTests */ = {
			isa = PBXGroup;
			children = (
				D2EC36E51D542F3200533A2F /* MenuViewControllerTests.m */,
				D2EC36E71D542F3200533A2F /* Info.plist */,
			);
			path = MenuViewControllerTests;
			sourceTree = "<group>";
		};
		D2EC36EF1D542F3200533A2F /* MenuViewControllerUITests */ = {
			isa = PBXGroup;
			children = (
				D2EC36F01D542F3200533A2F /* MenuViewControllerUITests.m */,
				D2EC36F21D542F3200533A2F /* Info.plist */,
			);
			path = MenuViewControllerUITests;
			sourceTree = "<group>";
		};
		F01FC03F71C8910BB8C6973B /* Pods */ = {
			isa = PBXGroup;
			children = (
				665A7C8C3CBCB5C87CA071E1 /* Pods-MenuViewController.debug.xcconfig */,
				99D8DEF1E175F12C40932BD4 /* Pods-MenuViewController.release.xcconfig */,
			);
			name = Pods;
			sourceTree = "<group>";
		};
/* End PBXGroup section */

/* Begin PBXNativeTarget section */
		D2EC36C71D542F3200533A2F /* MenuViewController */ = {
			isa = PBXNativeTarget;
			buildConfigurationList = D2EC36F51D542F3200533A2F /* Build configuration list for PBXNativeTarget "MenuViewController" */;
			buildPhases = (
				703A9BADE85CB8B57A2DE347 /* 📦 Check Pods Manifest.lock */,
				D2EC36C41D542F3200533A2F /* Sources */,
				D2EC36C51D542F3200533A2F /* Frameworks */,
				D2EC36C61D542F3200533A2F /* Resources */,
				E84379D889F06DAC957E02DD /* 📦 Embed Pods Frameworks */,
				5FDD2241C66477C75416DEF8 /* 📦 Copy Pods Resources */,
			);
			buildRules = (
			);
			dependencies = (
			);
			name = MenuViewController;
			productName = MenuViewController;
			productReference = D2EC36C81D542F3200533A2F /* MenuViewController.app */;
			productType = "com.apple.product-type.application";
		};
		D2EC36E01D542F3200533A2F /* MenuViewControllerTests */ = {
			isa = PBXNativeTarget;
			buildConfigurationList = D2EC36F81D542F3200533A2F /* Build configuration list for PBXNativeTarget "MenuViewControllerTests" */;
			buildPhases = (
				D2EC36DD1D542F3200533A2F /* Sources */,
				D2EC36DE1D542F3200533A2F /* Frameworks */,
				D2EC36DF1D542F3200533A2F /* Resources */,
			);
			buildRules = (
			);
			dependencies = (
				D2EC36E31D542F3200533A2F /* PBXTargetDependency */,
			);
			name = MenuViewControllerTests;
			productName = MenuViewControllerTests;
			productReference = D2EC36E11D542F3200533A2F /* MenuViewControllerTests.xctest */;
			productType = "com.apple.product-type.bundle.unit-test";
		};
		D2EC36EB1D542F3200533A2F /* MenuViewControllerUITests */ = {
			isa = PBXNativeTarget;
			buildConfigurationList = D2EC36FB1D542F3200533A2F /* Build configuration list for PBXNativeTarget "MenuViewControllerUITests" */;
			buildPhases = (
				D2EC36E81D542F3200533A2F /* Sources */,
				D2EC36E91D542F3200533A2F /* Frameworks */,
				D2EC36EA1D542F3200533A2F /* Resources */,
			);
			buildRules = (
			);
			dependencies = (
				D2EC36EE1D542F3200533A2F /* PBXTargetDependency */,
			);
			name = MenuViewControllerUITests;
			productName = MenuViewControllerUITests;
			productReference = D2EC36EC1D542F3200533A2F /* MenuViewControllerUITests.xctest */;
			productType = "com.apple.product-type.bundle.ui-testing";
		};
/* End PBXNativeTarget section */

/* Begin PBXProject section */
		D2EC36C01D542F3200533A2F /* Project object */ = {
			isa = PBXProject;
			attributes = {
				LastUpgradeCheck = 0720;
				ORGANIZATIONNAME = "潘元荣(外包)";
				TargetAttributes = {
					D2EC36C71D542F3200533A2F = {
						CreatedOnToolsVersion = 7.2.1;
						DevelopmentTeam = 25RLMX6N5T;
					};
					D2EC36E01D542F3200533A2F = {
						CreatedOnToolsVersion = 7.2.1;
						TestTargetID = D2EC36C71D542F3200533A2F;
					};
					D2EC36EB1D542F3200533A2F = {
						CreatedOnToolsVersion = 7.2.1;
						TestTargetID = D2EC36C71D542F3200533A2F;
					};
				};
			};
			buildConfigurationList = D2EC36C31D542F3200533A2F /* Build configuration list for PBXProject "MenuViewController" */;
			compatibilityVersion = "Xcode 3.2";
			developmentRegion = English;
			hasScannedForEncodings = 0;
			knownRegions = (
				en,
				Base,
			);
			mainGroup = D2EC36BF1D542F3200533A2F;
			productRefGroup = D2EC36C91D542F3200533A2F /* Products */;
			projectDirPath = "";
			projectRoot = "";
			targets = (
				D2EC36C71D542F3200533A2F /* MenuViewController */,
				D2EC36E01D542F3200533A2F /* MenuViewControllerTests */,
				D2EC36EB1D542F3200533A2F /* MenuViewControllerUITests */,
			);
		};
/* End PBXProject section */

/* Begin PBXResourcesBuildPhase section */
		D2EC36C61D542F3200533A2F /* Resources */ = {
			isa = PBXResourcesBuildPhase;
			buildActionMask = 2147483647;
			files = (
				D2EC36DB1D542F3200533A2F /* LaunchScreen.storyboard in Resources */,
				D2EC36D81D542F3200533A2F /* Assets.xcassets in Resources */,
				D2EC36D61D542F3200533A2F /* Main.storyboard in Resources */,
			);
			runOnlyForDeploymentPostprocessing = 0;
		};
		D2EC36DF1D542F3200533A2F /* Resources */ = {
			isa = PBXResourcesBuildPhase;
			buildActionMask = 2147483647;
			files = (
			);
			runOnlyForDeploymentPostprocessing = 0;
		};
		D2EC36EA1D542F3200533A2F /* Resources */ = {
			isa = PBXResourcesBuildPhase;
			buildActionMask = 2147483647;
			files = (
			);
			runOnlyForDeploymentPostprocessing = 0;
		};
/* End PBXResourcesBuildPhase section */

/* Begin PBXShellScriptBuildPhase section */
		5FDD2241C66477C75416DEF8 /* 📦 Copy Pods Resources */ = {
			isa = PBXShellScriptBuildPhase;
			buildActionMask = 2147483647;
			files = (
			);
			inputPaths = (
			);
			name = "📦 Copy Pods Resources";
			outputPaths = (
			);
			runOnlyForDeploymentPostprocessing = 0;
			shellPath = /bin/sh;
			shellScript = "\"${SRCROOT}/Pods/Target Support Files/Pods-MenuViewController/Pods-MenuViewController-resources.sh\"\n";
			showEnvVarsInLog = 0;
		};
		703A9BADE85CB8B57A2DE347 /* 📦 Check Pods Manifest.lock */ = {
			isa = PBXShellScriptBuildPhase;
			buildActionMask = 2147483647;
			files = (
			);
			inputPaths = (
			);
			name = "📦 Check Pods Manifest.lock";
			outputPaths = (
			);
			runOnlyForDeploymentPostprocessing = 0;
			shellPath = /bin/sh;
			shellScript = "diff \"${PODS_ROOT}/../Podfile.lock\" \"${PODS_ROOT}/Manifest.lock\" > /dev/null\nif [[ $? != 0 ]] ; then\n    cat << EOM\nerror: The sandbox is not in sync with the Podfile.lock. Run 'pod install' or update your CocoaPods installation.\nEOM\n    exit 1\nfi\n";
			showEnvVarsInLog = 0;
		};
		E84379D889F06DAC957E02DD /* 📦 Embed Pods Frameworks */ = {
			isa = PBXShellScriptBuildPhase;
			buildActionMask = 2147483647;
			files = (
			);
			inputPaths = (
			);
			name = "📦 Embed Pods Frameworks";
			outputPaths = (
			);
			runOnlyForDeploymentPostprocessing = 0;
			shellPath = /bin/sh;
			shellScript = "\"${SRCROOT}/Pods/Target Support Files/Pods-MenuViewController/Pods-MenuViewController-frameworks.sh\"\n";
			showEnvVarsInLog = 0;
		};
/* End PBXShellScriptBuildPhase section */

/* Begin PBXSourcesBuildPhase section */
		D2EC36C41D542F3200533A2F /* Sources */ = {
			isa = PBXSourcesBuildPhase;
			buildActionMask = 2147483647;
			files = (
				D2C552231D5AD6BD000A2326 /* WindowImageScrollView.m in Sources */,
				D2C5521D1D5AB726000A2326 /* WindowManager.m in Sources */,
				D2EC36D31D542F3200533A2F /* ViewController.m in Sources */,
				D2DA6E341D58612600E26B52 /* ConnectionManager.m in Sources */,
				D2DA6E301D585C9400E26B52 /* ImageCollectionViewCell.m in Sources */,
				D2C552201D5AD610000A2326 /* WindowImageViewController.m in Sources */,
				D2D89E321D59D40C003657B8 /* FileManager.m in Sources */,
				D2EC37011D5438A500533A2F /* MenuVC.m in Sources */,
				D2DA6E2D1D585C5E00E26B52 /* MeiZiCollectionViewController.m in Sources */,
				D2D89E2F1D596578003657B8 /* ImageData.m in Sources */,
				D2EC36D01D542F3200533A2F /* AppDelegate.m in Sources */,
				D2EC36CD1D542F3200533A2F /* main.m in Sources */,
				D21F46EC1D5467500018A775 /* MenuTitleItem.m in Sources */,
			);
			runOnlyForDeploymentPostprocessing = 0;
		};
		D2EC36DD1D542F3200533A2F /* Sources */ = {
			isa = PBXSourcesBuildPhase;
			buildActionMask = 2147483647;
			files = (
				D2EC36E61D542F3200533A2F /* MenuViewControllerTests.m in Sources */,
			);
			runOnlyForDeploymentPostprocessing = 0;
		};
		D2EC36E81D542F3200533A2F /* Sources */ = {
			isa = PBXSourcesBuildPhase;
			buildActionMask = 2147483647;
			files = (
				D2EC36F11D542F3200533A2F /* MenuViewControllerUITests.m in Sources */,
			);
			runOnlyForDeploymentPostprocessing = 0;
		};
/* End PBXSourcesBuildPhase section */

/* Begin PBXTargetDependency section */
		D2EC36E31D542F3200533A2F /* PBXTargetDependency */ = {
			isa = PBXTargetDependency;
			target = D2EC36C71D542F3200533A2F /* MenuViewController */;
			targetProxy = D2EC36E21D542F3200533A2F /* PBXContainerItemProxy */;
		};
		D2EC36EE1D542F3200533A2F /* PBXTargetDependency */ = {
			isa = PBXTargetDependency;
			target = D2EC36C71D542F3200533A2F /* MenuViewController */;
			targetProxy = D2EC36ED1D542F3200533A2F /* PBXContainerItemProxy */;
		};
/* End PBXTargetDependency section */

/* Begin PBXVariantGroup section */
		D2EC36D41D542F3200533A2F /* Main.storyboard */ = {
			isa = PBXVariantGroup;
			children = (
				D2EC36D51D542F3200533A2F /* Base */,
			);
			name = Main.storyboard;
			sourceTree = "<group>";
		};
		D2EC36D91D542F3200533A2F /* LaunchScreen.storyboard */ = {
			isa = PBXVariantGroup;
			children = (
				D2EC36DA1D542F3200533A2F /* Base */,
			);
			name = LaunchScreen.storyboard;
			sourceTree = "<group>";
		};
/* End PBXVariantGroup section */

/* Begin XCBuildConfiguration section */
		D2EC36F31D542F3200533A2F /* Debug */ = {
			isa = XCBuildConfiguration;
			buildSettings = {
				ALWAYS_SEARCH_USER_PATHS = NO;
				CLANG_CXX_LANGUAGE_STANDARD = "gnu++0x";
				CLANG_CXX_LIBRARY = "libc++";
				CLANG_ENABLE_MODULES = YES;
				CLANG_ENABLE_OBJC_ARC = YES;
				CLANG_WARN_BOOL_CONVERSION = YES;
				CLANG_WARN_CONSTANT_CONVERSION = YES;
				CLANG_WARN_DIRECT_OBJC_ISA_USAGE = YES_ERROR;
				CLANG_WARN_EMPTY_BODY = YES;
				CLANG_WARN_ENUM_CONVERSION = YES;
				CLANG_WARN_INT_CONVERSION = YES;
				CLANG_WARN_OBJC_ROOT_CLASS = YES_ERROR;
				CLANG_WARN_UNREACHABLE_CODE = YES;
				CLANG_WARN__DUPLICATE_METHOD_MATCH = YES;
				"CODE_SIGN_IDENTITY[sdk=iphoneos*]" = "iPhone Developer";
				COPY_PHASE_STRIP = NO;
				DEBUG_INFORMATION_FORMAT = dwarf;
				ENABLE_STRICT_OBJC_MSGSEND = YES;
				ENABLE_TESTABILITY = YES;
				GCC_C_LANGUAGE_STANDARD = gnu99;
				GCC_DYNAMIC_NO_PIC = NO;
				GCC_NO_COMMON_BLOCKS = YES;
				GCC_OPTIMIZATION_LEVEL = 0;
				GCC_PREPROCESSOR_DEFINITIONS = (
					"DEBUG=1",
					"$(inherited)",
				);
				GCC_WARN_64_TO_32_BIT_CONVERSION = YES;
				GCC_WARN_ABOUT_RETURN_TYPE = YES_ERROR;
				GCC_WARN_UNDECLARED_SELECTOR = YES;
				GCC_WARN_UNINITIALIZED_AUTOS = YES_AGGRESSIVE;
				GCC_WARN_UNUSED_FUNCTION = YES;
				GCC_WARN_UNUSED_VARIABLE = YES;
				IPHONEOS_DEPLOYMENT_TARGET = 9.2;
				MTL_ENABLE_DEBUG_INFO = YES;
				ONLY_ACTIVE_ARCH = YES;
				SDKROOT = iphoneos;
				TARGETED_DEVICE_FAMILY = "1,2";
			};
			name = Debug;
		};
		D2EC36F41D542F3200533A2F /* Release */ = {
			isa = XCBuildConfiguration;
			buildSettings = {
				ALWAYS_SEARCH_USER_PATHS = NO;
				CLANG_CXX_LANGUAGE_STANDARD = "gnu++0x";
				CLANG_CXX_LIBRARY = "libc++";
				CLANG_ENABLE_MODULES = YES;
				CLANG_ENABLE_OBJC_ARC = YES;
				CLANG_WARN_BOOL_CONVERSION = YES;
				CLANG_WARN_CONSTANT_CONVERSION = YES;
				CLANG_WARN_DIRECT_OBJC_ISA_USAGE = YES_ERROR;
				CLANG_WARN_EMPTY_BODY = YES;
				CLANG_WARN_ENUM_CONVERSION = YES;
				CLANG_WARN_INT_CONVERSION = YES;
				CLANG_WARN_OBJC_ROOT_CLASS = YES_ERROR;
				CLANG_WARN_UNREACHABLE_CODE = YES;
				CLANG_WARN__DUPLICATE_METHOD_MATCH = YES;
				"CODE_SIGN_IDENTITY[sdk=iphoneos*]" = "iPhone Developer";
				COPY_PHASE_STRIP = NO;
				DEBUG_INFORMATION_FORMAT = "dwarf-with-dsym";
				ENABLE_NS_ASSERTIONS = NO;
				ENABLE_STRICT_OBJC_MSGSEND = YES;
				GCC_C_LANGUAGE_STANDARD = gnu99;
				GCC_NO_COMMON_BLOCKS = YES;
				GCC_WARN_64_TO_32_BIT_CONVERSION = YES;
				GCC_WARN_ABOUT_RETURN_TYPE = YES_ERROR;
				GCC_WARN_UNDECLARED_SELECTOR = YES;
				GCC_WARN_UNINITIALIZED_AUTOS = YES_AGGRESSIVE;
				GCC_WARN_UNUSED_FUNCTION = YES;
				GCC_WARN_UNUSED_VARIABLE = YES;
				IPHONEOS_DEPLOYMENT_TARGET = 9.2;
				MTL_ENABLE_DEBUG_INFO = NO;
				SDKROOT = iphoneos;
				TARGETED_DEVICE_FAMILY = "1,2";
				VALIDATE_PRODUCT = YES;
			};
			name = Release;
		};
		D2EC36F61D542F3200533A2F /* Debug */ = {
			isa = XCBuildConfiguration;
			baseConfigurationReference = 665A7C8C3CBCB5C87CA071E1 /* Pods-MenuViewController.debug.xcconfig */;
			buildSettings = {
				ASSETCATALOG_COMPILER_APPICON_NAME = AppIcon;
				CODE_SIGN_IDENTITY = "iPhone Developer";
				GCC_PREFIX_HEADER = MenuViewController/PrefixHeader.pch;
				INFOPLIST_FILE = MenuViewController/Info.plist;
				LD_RUNPATH_SEARCH_PATHS = "$(inherited) @executable_path/Frameworks";
				PRODUCT_BUNDLE_IDENTIFIER = com.pingan.MenuViewController;
				PRODUCT_NAME = "$(TARGET_NAME)";
			};
			name = Debug;
		};
		D2EC36F71D542F3200533A2F /* Release */ = {
			isa = XCBuildConfiguration;
			baseConfigurationReference = 99D8DEF1E175F12C40932BD4 /* Pods-MenuViewController.release.xcconfig */;
			buildSettings = {
				ASSETCATALOG_COMPILER_APPICON_NAME = AppIcon;
				CODE_SIGN_IDENTITY = "iPhone Developer";
				GCC_PREFIX_HEADER = MenuViewController/PrefixHeader.pch;
				INFOPLIST_FILE = MenuViewController/Info.plist;
				LD_RUNPATH_SEARCH_PATHS = "$(inherited) @executable_path/Frameworks";
				PRODUCT_BUNDLE_IDENTIFIER = com.pingan.MenuViewController;
				PRODUCT_NAME = "$(TARGET_NAME)";
			};
			name = Release;
		};
		D2EC36F91D542F3200533A2F /* Debug */ = {
			isa = XCBuildConfiguration;
			buildSettings = {
				BUNDLE_LOADER = "$(TEST_HOST)";
				INFOPLIST_FILE = MenuViewControllerTests/Info.plist;
				LD_RUNPATH_SEARCH_PATHS = "$(inherited) @executable_path/Frameworks @loader_path/Frameworks";
				PRODUCT_BUNDLE_IDENTIFIER = com.pingan.MenuViewControllerTests;
				PRODUCT_NAME = "$(TARGET_NAME)";
				TEST_HOST = "$(BUILT_PRODUCTS_DIR)/MenuViewController.app/MenuViewController";
			};
			name = Debug;
		};
		D2EC36FA1D542F3200533A2F /* Release */ = {
			isa = XCBuildConfiguration;
			buildSettings = {
				BUNDLE_LOADER = "$(TEST_HOST)";
				INFOPLIST_FILE = MenuViewControllerTests/Info.plist;
				LD_RUNPATH_SEARCH_PATHS = "$(inherited) @executable_path/Frameworks @loader_path/Frameworks";
				PRODUCT_BUNDLE_IDENTIFIER = com.pingan.MenuViewControllerTests;
				PRODUCT_NAME = "$(TARGET_NAME)";
				TEST_HOST = "$(BUILT_PRODUCTS_DIR)/MenuViewController.app/MenuViewController";
			};
			name = Release;
		};
		D2EC36FC1D542F3200533A2F /* Debug */ = {
			isa = XCBuildConfiguration;
			buildSettings = {
				INFOPLIST_FILE = MenuViewControllerUITests/Info.plist;
				LD_RUNPATH_SEARCH_PATHS = "$(inherited) @executable_path/Frameworks @loader_path/Frameworks";
				PRODUCT_BUNDLE_IDENTIFIER = com.pingan.MenuViewControllerUITests;
				PRODUCT_NAME = "$(TARGET_NAME)";
				TEST_TARGET_NAME = MenuViewController;
				USES_XCTRUNNER = YES;
			};
			name = Debug;
		};
		D2EC36FD1D542F3200533A2F /* Release */ = {
			isa = XCBuildConfiguration;
			buildSettings = {
				INFOPLIST_FILE = MenuViewControllerUITests/Info.plist;
				LD_RUNPATH_SEARCH_PATHS = "$(inherited) @executable_path/Frameworks @loader_path/Frameworks";
				PRODUCT_BUNDLE_IDENTIFIER = com.pingan.MenuViewControllerUITests;
				PRODUCT_NAME = "$(TARGET_NAME)";
				TEST_TARGET_NAME = MenuViewController;
				USES_XCTRUNNER = YES;
			};
			name = Release;
		};
/* End XCBuildConfiguration section */

/* Begin XCConfigurationList section */
		D2EC36C31D542F3200533A2F /* Build configuration list for PBXProject "MenuViewController" */ = {
			isa = XCConfigurationList;
			buildConfigurations = (
				D2EC36F31D542F3200533A2F /* Debug */,
				D2EC36F41D542F3200533A2F /* Release */,
			);
			defaultConfigurationIsVisible = 0;
			defaultConfigurationName = Release;
		};
		D2EC36F51D542F3200533A2F /* Build configuration list for PBXNativeTarget "MenuViewController" */ = {
			isa = XCConfigurationList;
			buildConfigurations = (
				D2EC36F61D542F3200533A2F /* Debug */,
				D2EC36F71D542F3200533A2F /* Release */,
			);
			defaultConfigurationIsVisible = 0;
			defaultConfigurationName = Release;
		};
		D2EC36F81D542F3200533A2F /* Build configuration list for PBXNativeTarget "MenuViewControllerTests" */ = {
			isa = XCConfigurationList;
			buildConfigurations = (
				D2EC36F91D542F3200533A2F /* Debug */,
				D2EC36FA1D542F3200533A2F /* Release */,
			);
			defaultConfigurationIsVisible = 0;
			defaultConfigurationName = Release;
		};
		D2EC36FB1D542F3200533A2F /* Build configuration list for PBXNativeTarget "MenuViewControllerUITests" */ = {
			isa = XCConfigurationList;
			buildConfigurations = (
				D2EC36FC1D542F3200533A2F /* Debug */,
				D2EC36FD1D542F3200533A2F /* Release */,
			);
			defaultConfigurationIsVisible = 0;
			defaultConfigurationName = Release;
		};
/* End XCConfigurationList section */
	};
	rootObject = D2EC36C01D542F3200533A2F /* Project object */;
}
